// !$*UTF8*$!
{
	archiveVersion = 1;
	classes = {
	};
	objectVersion = 56;
	objects = {

/* Begin PBXBuildFile section */
		663C34A9CC884E40AD59B701 /* FonosApp.swift in Sources */ = {isa = PBXBuildFile; fileRef = 663C34A9CC884E40AD59B711 /* FonosApp.swift */; };
		663C34A9CC884E40AD59B702 /* ContentView.swift in Sources */ = {isa = PBXBuildFile; fileRef = 663C34A9CC884E40AD59B712 /* ContentView.swift */; };
		663C34A9CC884E40AD59B703 /* DictationView.swift in Sources */ = {isa = PBXBuildFile; fileRef = 663C34A9CC884E40AD59B713 /* DictationView.swift */; };
		663C34A9CC884E40AD59B704 /* HistoryView.swift in Sources */ = {isa = PBXBuildFile; fileRef = 50BA9D99CDBC44ABA7E645A1 /* HistoryView.swift */; };
		663C34A9CC884E40AD59B705 /* SettingsView.swift in Sources */ = {isa = PBXBuildFile; fileRef = 50BA9D99CDBC44ABA7E645A2 /* SettingsView.swift */; };
		663C34A9CC884E40AD59B706 /* Color+Hex.swift in Sources */ = {isa = PBXBuildFile; fileRef = 50BA9D99CDBC44ABA7E645A3 /* Color+Hex.swift */; };
		663C34A9CC884E40AD59B707 /* DictationSession.swift in Sources */ = {isa = PBXBuildFile; fileRef = 50BA9D99CDBC44ABA7E645A4 /* DictationSession.swift */; };
		663C34A9CC884E40AD59B708 /* AppConfig.swift in Sources */ = {isa = PBXBuildFile; fileRef = 50BA9D99CDBC44ABA7E645A5 /* AppConfig.swift */; };
		663C34A9CC884E40AD59B709 /* AudioCaptureService.swift in Sources */ = {isa = PBXBuildFile; fileRef = 50BA9D99CDBC44ABA7E645A6 /* AudioCaptureService.swift */; };
		663C34A9CC884E40AD59B70A /* STTService.swift in Sources */ = {isa = PBXBuildFile; fileRef = 50BA9D99CDBC44ABA7E645A7 /* STTService.swift */; };
		663C34A9CC884E40AD59B70B /* LLMService.swift in Sources */ = {isa = PBXBuildFile; fileRef = 50BA9D99CDBC44ABA7E645A8 /* LLMService.swift */; };
		663C34A9CC884E40AD59B70C /* TextRouter.swift in Sources */ = {isa = PBXBuildFile; fileRef = 50BA9D99CDBC44ABA7E645A9 /* TextRouter.swift */; };
		663C34A9CC884E40AD59B70D /* Assets.xcassets in Resources */ = {isa = PBXBuildFile; fileRef = 50BA9D99CDBC44ABA7E645AA /* Assets.xcassets */; };
		77D41ED5933B42BF9BE9C701 /* FonosAppTests.swift in Sources */ = {isa = PBXBuildFile; fileRef = 77D41ED5933B42BF9BE9C711 /* FonosAppTests.swift */; };
		77D41ED5933B42BF9BE9C702 /* AudioCaptureServiceTests.swift in Sources */ = {isa = PBXBuildFile; fileRef = 77D41ED5933B42BF9BE9C712 /* AudioCaptureServiceTests.swift */; };
		77D41ED5933B42BF9BE9C703 /* STTServiceTests.swift in Sources */ = {isa = PBXBuildFile; fileRef = 77D41ED5933B42BF9BE9C713 /* STTServiceTests.swift */; };
		77D41ED5933B42BF9BE9C704 /* LLMServiceTests.swift in Sources */ = {isa = PBXBuildFile; fileRef = 77D41ED5933B42BF9BE9C714 /* LLMServiceTests.swift */; };
		77D41ED5933B42BF9BE9C705 /* ModeTests.swift in Sources */ = {isa = PBXBuildFile; fileRef = 77D41ED5933B42BF9BE9C715 /* ModeTests.swift */; };
		77D41ED5933B42BF9BE9C706 /* TextRouterTests.swift in Sources */ = {isa = PBXBuildFile; fileRef = 77D41ED5933B42BF9BE9C716 /* TextRouterTests.swift */; };
		77D41ED5933B42BF9BE9C707 /* ConfigTests.swift in Sources */ = {isa = PBXBuildFile; fileRef = 77D41ED5933B42BF9BE9C717 /* ConfigTests.swift */; };
		77D41ED5933B42BF9BE9C708 /* HistoryTests.swift in Sources */ = {isa = PBXBuildFile; fileRef = 77D41ED5933B42BF9BE9C718 /* HistoryTests.swift */; };
		77D41ED5933B42BF9BE9C709 /* OfflineTests.swift in Sources */ = {isa = PBXBuildFile; fileRef = 77D41ED5933B42BF9BE9C719 /* OfflineTests.swift */; };
		AA01B001AA014D00AA014D01 /* Mode.swift in Sources */ = {isa = PBXBuildFile; fileRef = AA01B001AA014D00AA014D11 /* Mode.swift */; };
		AA01B001AA014D00AA014D02 /* ModelProfile.swift in Sources */ = {isa = PBXBuildFile; fileRef = AA01B001AA014D00AA014D12 /* ModelProfile.swift */; };
		AA01B001AA014D00AA014D03 /* Destination.swift in Sources */ = {isa = PBXBuildFile; fileRef = AA01B001AA014D00AA014D13 /* Destination.swift */; };
		AA01B001AA014D00AA014D04 /* KeychainStore.swift in Sources */ = {isa = PBXBuildFile; fileRef = AA01B001AA014D00AA014D14 /* KeychainStore.swift */; };
		AA01B001AA014D00AA014D05 /* INV06ModeTests.swift in Sources */ = {isa = PBXBuildFile; fileRef = AA01B001AA014D00AA014D15 /* INV06ModeTests.swift */; };
		AA01B001AA014D00AA014D06 /* INV09ConfigTests.swift in Sources */ = {isa = PBXBuildFile; fileRef = AA01B001AA014D00AA014D16 /* INV09ConfigTests.swift */; };
		AA01B001AA014D00AA014D07 /* INV10HistoryTests.swift in Sources */ = {isa = PBXBuildFile; fileRef = AA01B001AA014D00AA014D17 /* INV10HistoryTests.swift */; };
		BB02001BB002001BB002001B /* INV02AudioCaptureTests.swift in Sources */ = {isa = PBXBuildFile; fileRef = BB02001BB002001BB002001A /* INV02AudioCaptureTests.swift */; };
		CC07001CC007001CC007001B /* INV07TextRouterTests.swift in Sources */ = {isa = PBXBuildFile; fileRef = CC07001CC007001CC007001A /* INV07TextRouterTests.swift */; };
		CC08001CC008001CC008001B /* INV08URLSchemeTests.swift in Sources */ = {isa = PBXBuildFile; fileRef = CC08001CC008001CC008001A /* INV08URLSchemeTests.swift */; };
		WP03001AA003001AA003001B /* FonosSTT.swift in Sources */ = {isa = PBXBuildFile; fileRef = WP03001AA003001AA003001A /* FonosSTT.swift */; };
		WP03002AA003002AA003002B /* INV03AppleSTTTests.swift in Sources */ = {isa = PBXBuildFile; fileRef = WP03002AA003002AA003002A /* INV03AppleSTTTests.swift */; };
		WP03003AA003003AA003003B /* INV04WhisperSTTTests.swift in Sources */ = {isa = PBXBuildFile; fileRef = WP03003AA003003AA003003A /* INV04WhisperSTTTests.swift */; };
		WP03004AA003004AA003004B /* QD02STTParsingTests.swift in Sources */ = {isa = PBXBuildFile; fileRef = WP03004AA003004AA003004A /* QD02STTParsingTests.swift */; };
		WP04000000000000000001 /* DictationViewModel.swift in Sources */ = {isa = PBXBuildFile; fileRef = WP04000000000000000011 /* DictationViewModel.swift */; };
		WP04000000000000000002 /* INV05LLMTests.swift in Sources */ = {isa = PBXBuildFile; fileRef = WP04000000000000000012 /* INV05LLMTests.swift */; };
		WP04000000000000000003 /* QD03PromptTests.swift in Sources */ = {isa = PBXBuildFile; fileRef = WP04000000000000000013 /* QD03PromptTests.swift */; };
		WP04000000000000000004 /* QD04ErrorTests.swift in Sources */ = {isa = PBXBuildFile; fileRef = WP04000000000000000014 /* QD04ErrorTests.swift */; };
		WP06001AA006001AA006001B /* WaveformView.swift in Sources */ = {isa = PBXBuildFile; fileRef = WP06001AA006001AA006001A /* WaveformView.swift */; };
		WP06002AA006002AA006002B /* RecordButton.swift in Sources */ = {isa = PBXBuildFile; fileRef = WP06002AA006002AA006002A /* RecordButton.swift */; };
		WP06003AA006003AA006003B /* INV01BuildTests.swift in Sources */ = {isa = PBXBuildFile; fileRef = WP06003AA006003AA006003A /* INV01BuildTests.swift */; };
		WP06004AA006004AA006004B /* INV11OfflineTests.swift in Sources */ = {isa = PBXBuildFile; fileRef = WP06004AA006004AA006004A /* INV11OfflineTests.swift */; };
		WP07001AA007001AA007001B /* ModePicker.swift in Sources */ = {isa = PBXBuildFile; fileRef = WP07001AA007001AA007001A /* ModePicker.swift */; };
		WP07002AA007002AA007002B /* ActivityCard.swift in Sources */ = {isa = PBXBuildFile; fileRef = WP07002AA007002AA007002A /* ActivityCard.swift */; };
		WP08001AA008001AA008001B /* ProvidersSection.swift in Sources */ = {isa = PBXBuildFile; fileRef = WP08001AA008001AA008001A /* ProvidersSection.swift */; };
		WP08002AA008002AA008002B /* ModesSection.swift in Sources */ = {isa = PBXBuildFile; fileRef = WP08002AA008002AA008002A /* ModesSection.swift */; };
		WP08003AA008003AA008003B /* DestinationsSection.swift in Sources */ = {isa = PBXBuildFile; fileRef = WP08003AA008003AA008003A /* DestinationsSection.swift */; };
		WP08004AA008004AA008004B /* DestinationPicker.swift in Sources */ = {isa = PBXBuildFile; fileRef = WP08004AA008004AA008004A /* DestinationPicker.swift */; };
		WP09001AA009001AA009001B /* FonosWidget.swift in Sources */ = {isa = PBXBuildFile; fileRef = WP09001AA009001AA009001A /* FonosWidget.swift */; };
		WP09002AA009002AA009002B /* FonosLiveActivity.swift in Sources */ = {isa = PBXBuildFile; fileRef = WP09002AA009002AA009002A /* FonosLiveActivity.swift */; };
		WP09003AA009003AA009003B /* DictateIntent.swift in Sources */ = {isa = PBXBuildFile; fileRef = WP09003AA009003AA009003A /* DictateIntent.swift */; };
		WP09004AA009004AA009004B /* FonosIntents.swift in Sources */ = {isa = PBXBuildFile; fileRef = WP09004AA009004AA009004A /* FonosIntents.swift */; };
		WP10001AA010001AA010001B /* QD06BundleSizeTests.swift in Sources */ = {isa = PBXBuildFile; fileRef = WP10001AA010001AA010001A /* QD06BundleSizeTests.swift */; };
		WP10002AA010002AA010002B /* QD07SwiftLintTests.swift in Sources */ = {isa = PBXBuildFile; fileRef = WP10002AA010002AA010002A /* QD07SwiftLintTests.swift */; };
		WP11001AA011001AA011001B /* ModeConfig.swift in Sources */ = {isa = PBXBuildFile; fileRef = WP11001AA011001AA011001A /* ModeConfig.swift */; };
		WP11002AA011002AA011002B /* ModelsTab.swift in Sources */ = {isa = PBXBuildFile; fileRef = WP11002AA011002AA011002A /* ModelsTab.swift */; };
		WP11003AA011003AA011003B /* ModesTab.swift in Sources */ = {isa = PBXBuildFile; fileRef = WP11003AA011003AA011003A /* ModesTab.swift */; };
		MP01001AA001001AA001001B /* ModelProbeService.swift in Sources */ = {isa = PBXBuildFile; fileRef = MP01001AA001001AA001001A /* ModelProbeService.swift */; };
		KB12001AA012001AA012001B /* KeyboardViewController.swift in Sources */ = {isa = PBXBuildFile; fileRef = KB12001AA012001AA012001A /* KeyboardViewController.swift */; };
		KB12002AA012002AA012002B /* KeyboardAudioService.swift in Sources */ = {isa = PBXBuildFile; fileRef = KB12002AA012002AA012002A /* KeyboardAudioService.swift */; };
		KB12003AA012003AA012003B /* KeyboardSTTService.swift in Sources */ = {isa = PBXBuildFile; fileRef = KB12003AA012003AA012003A /* KeyboardSTTService.swift */; };
		KB12004AA012004AA012004B /* FonosKeyboard.appex in Embed App Extensions */ = {isa = PBXBuildFile; fileRef = KB12004AA012004AA012004A /* FonosKeyboard.appex */; settings = {ATTRIBUTES = (RemoveHeadersOnCopy, ); }; };
/* End PBXBuildFile section */

/* Begin PBXContainerItemProxy section */
		B8A5C71AD9544E80ADAACF01 /* PBXContainerItemProxy */ = {
			isa = PBXContainerItemProxy;
			containerPortal = 11F387A36EAB42D7B29216FC /* Project object */;
			proxyType = 1;
			remoteGlobalIDString = 7E63F5454DE64F8A84201298;
			remoteInfo = FonosApp;
		};
		KB12010AA012010AA012010C /* PBXContainerItemProxy */ = {
			isa = PBXContainerItemProxy;
			containerPortal = 11F387A36EAB42D7B29216FC /* Project object */;
			proxyType = 1;
			remoteGlobalIDString = KB12005AA012005AA012005C /* FonosKeyboard */;
			remoteInfo = FonosKeyboard;
		};
/* End PBXContainerItemProxy section */

/* Begin PBXFileReference section */
		50BA9D99CDBC44ABA7E645A1 /* HistoryView.swift */ = {isa = PBXFileReference; lastKnownFileType = sourcecode.swift; path = HistoryView.swift; sourceTree = "<group>"; };
		50BA9D99CDBC44ABA7E645A2 /* SettingsView.swift */ = {isa = PBXFileReference; lastKnownFileType = sourcecode.swift; path = SettingsView.swift; sourceTree = "<group>"; };
		50BA9D99CDBC44ABA7E645A3 /* Color+Hex.swift */ = {isa = PBXFileReference; lastKnownFileType = sourcecode.swift; path = "Color+Hex.swift"; sourceTree = "<group>"; };
		50BA9D99CDBC44ABA7E645A4 /* DictationSession.swift */ = {isa = PBXFileReference; lastKnownFileType = sourcecode.swift; path = DictationSession.swift; sourceTree = "<group>"; };
		50BA9D99CDBC44ABA7E645A5 /* AppConfig.swift */ = {isa = PBXFileReference; lastKnownFileType = sourcecode.swift; path = AppConfig.swift; sourceTree = "<group>"; };
		50BA9D99CDBC44ABA7E645A6 /* AudioCaptureService.swift */ = {isa = PBXFileReference; lastKnownFileType = sourcecode.swift; path = AudioCaptureService.swift; sourceTree = "<group>"; };
		50BA9D99CDBC44ABA7E645A7 /* STTService.swift */ = {isa = PBXFileReference; lastKnownFileType = sourcecode.swift; path = STTService.swift; sourceTree = "<group>"; };
		50BA9D99CDBC44ABA7E645A8 /* LLMService.swift */ = {isa = PBXFileReference; lastKnownFileType = sourcecode.swift; path = LLMService.swift; sourceTree = "<group>"; };
		50BA9D99CDBC44ABA7E645A9 /* TextRouter.swift */ = {isa = PBXFileReference; lastKnownFileType = sourcecode.swift; path = TextRouter.swift; sourceTree = "<group>"; };
		50BA9D99CDBC44ABA7E645AA /* Assets.xcassets */ = {isa = PBXFileReference; lastKnownFileType = folder.assetcatalog; path = Assets.xcassets; sourceTree = "<group>"; };
		50BA9D99CDBC44ABA7E645AB /* Info.plist */ = {isa = PBXFileReference; lastKnownFileType = text.plist.xml; path = Info.plist; sourceTree = "<group>"; };
		663C34A9CC884E40AD59B711 /* FonosApp.swift */ = {isa = PBXFileReference; lastKnownFileType = sourcecode.swift; path = FonosApp.swift; sourceTree = "<group>"; };
		663C34A9CC884E40AD59B712 /* ContentView.swift */ = {isa = PBXFileReference; lastKnownFileType = sourcecode.swift; path = ContentView.swift; sourceTree = "<group>"; };
		663C34A9CC884E40AD59B713 /* DictationView.swift */ = {isa = PBXFileReference; lastKnownFileType = sourcecode.swift; path = DictationView.swift; sourceTree = "<group>"; };
		6FA1E3408A1E47AF91355F0B /* FonosAppTests.xctest */ = {isa = PBXFileReference; explicitFileType = wrapper.cfbundle; includeInIndex = 0; path = FonosAppTests.xctest; sourceTree = BUILT_PRODUCTS_DIR; };
		77D41ED5933B42BF9BE9C711 /* FonosAppTests.swift */ = {isa = PBXFileReference; lastKnownFileType = sourcecode.swift; path = FonosAppTests.swift; sourceTree = "<group>"; };
		77D41ED5933B42BF9BE9C712 /* AudioCaptureServiceTests.swift */ = {isa = PBXFileReference; lastKnownFileType = sourcecode.swift; path = AudioCaptureServiceTests.swift; sourceTree = "<group>"; };
		77D41ED5933B42BF9BE9C713 /* STTServiceTests.swift */ = {isa = PBXFileReference; lastKnownFileType = sourcecode.swift; path = STTServiceTests.swift; sourceTree = "<group>"; };
		77D41ED5933B42BF9BE9C714 /* LLMServiceTests.swift */ = {isa = PBXFileReference; lastKnownFileType = sourcecode.swift; path = LLMServiceTests.swift; sourceTree = "<group>"; };
		77D41ED5933B42BF9BE9C715 /* ModeTests.swift */ = {isa = PBXFileReference; lastKnownFileType = sourcecode.swift; path = ModeTests.swift; sourceTree = "<group>"; };
		77D41ED5933B42BF9BE9C716 /* TextRouterTests.swift */ = {isa = PBXFileReference; lastKnownFileType = sourcecode.swift; path = TextRouterTests.swift; sourceTree = "<group>"; };
		77D41ED5933B42BF9BE9C717 /* ConfigTests.swift */ = {isa = PBXFileReference; lastKnownFileType = sourcecode.swift; path = ConfigTests.swift; sourceTree = "<group>"; };
		77D41ED5933B42BF9BE9C718 /* HistoryTests.swift */ = {isa = PBXFileReference; lastKnownFileType = sourcecode.swift; path = HistoryTests.swift; sourceTree = "<group>"; };
		77D41ED5933B42BF9BE9C719 /* OfflineTests.swift */ = {isa = PBXFileReference; lastKnownFileType = sourcecode.swift; path = OfflineTests.swift; sourceTree = "<group>"; };
		AA01B001AA014D00AA014D11 /* Mode.swift */ = {isa = PBXFileReference; lastKnownFileType = sourcecode.swift; path = Mode.swift; sourceTree = "<group>"; };
		AA01B001AA014D00AA014D12 /* ModelProfile.swift */ = {isa = PBXFileReference; lastKnownFileType = sourcecode.swift; path = ModelProfile.swift; sourceTree = "<group>"; };
		AA01B001AA014D00AA014D13 /* Destination.swift */ = {isa = PBXFileReference; lastKnownFileType = sourcecode.swift; path = Destination.swift; sourceTree = "<group>"; };
		AA01B001AA014D00AA014D14 /* KeychainStore.swift */ = {isa = PBXFileReference; lastKnownFileType = sourcecode.swift; path = KeychainStore.swift; sourceTree = "<group>"; };
		AA01B001AA014D00AA014D15 /* INV06ModeTests.swift */ = {isa = PBXFileReference; lastKnownFileType = sourcecode.swift; path = INV06ModeTests.swift; sourceTree = "<group>"; };
		AA01B001AA014D00AA014D16 /* INV09ConfigTests.swift */ = {isa = PBXFileReference; lastKnownFileType = sourcecode.swift; path = INV09ConfigTests.swift; sourceTree = "<group>"; };
		AA01B001AA014D00AA014D17 /* INV10HistoryTests.swift */ = {isa = PBXFileReference; lastKnownFileType = sourcecode.swift; path = INV10HistoryTests.swift; sourceTree = "<group>"; };
		AA01B001AA014D00AA014D18 /* FonosApp.entitlements */ = {isa = PBXFileReference; lastKnownFileType = text.plist.entitlements; path = FonosApp.entitlements; sourceTree = "<group>"; };
		BAC7AF7161324CE4AF50AD41 /* FonosApp.app */ = {isa = PBXFileReference; explicitFileType = wrapper.application; includeInIndex = 0; path = FonosApp.app; sourceTree = BUILT_PRODUCTS_DIR; };
		BB02001BB002001BB002001A /* INV02AudioCaptureTests.swift */ = {isa = PBXFileReference; lastKnownFileType = sourcecode.swift; path = INV02AudioCaptureTests.swift; sourceTree = "<group>"; };
		CC07001CC007001CC007001A /* INV07TextRouterTests.swift */ = {isa = PBXFileReference; lastKnownFileType = sourcecode.swift; path = INV07TextRouterTests.swift; sourceTree = "<group>"; };
		CC08001CC008001CC008001A /* INV08URLSchemeTests.swift */ = {isa = PBXFileReference; lastKnownFileType = sourcecode.swift; path = INV08URLSchemeTests.swift; sourceTree = "<group>"; };
		WP03001AA003001AA003001A /* FonosSTT.swift */ = {isa = PBXFileReference; lastKnownFileType = sourcecode.swift; path = FonosSTT.swift; sourceTree = "<group>"; };
		WP03002AA003002AA003002A /* INV03AppleSTTTests.swift */ = {isa = PBXFileReference; lastKnownFileType = sourcecode.swift; path = INV03AppleSTTTests.swift; sourceTree = "<group>"; };
		WP03003AA003003AA003003A /* INV04WhisperSTTTests.swift */ = {isa = PBXFileReference; lastKnownFileType = sourcecode.swift; path = INV04WhisperSTTTests.swift; sourceTree = "<group>"; };
		WP03004AA003004AA003004A /* QD02STTParsingTests.swift */ = {isa = PBXFileReference; lastKnownFileType = sourcecode.swift; path = QD02STTParsingTests.swift; sourceTree = "<group>"; };
		WP04000000000000000011 /* DictationViewModel.swift */ = {isa = PBXFileReference; lastKnownFileType = sourcecode.swift; path = DictationViewModel.swift; sourceTree = "<group>"; };
		WP04000000000000000012 /* INV05LLMTests.swift */ = {isa = PBXFileReference; lastKnownFileType = sourcecode.swift; path = INV05LLMTests.swift; sourceTree = "<group>"; };
		WP04000000000000000013 /* QD03PromptTests.swift */ = {isa = PBXFileReference; lastKnownFileType = sourcecode.swift; path = QD03PromptTests.swift; sourceTree = "<group>"; };
		WP04000000000000000014 /* QD04ErrorTests.swift */ = {isa = PBXFileReference; lastKnownFileType = sourcecode.swift; path = QD04ErrorTests.swift; sourceTree = "<group>"; };
		WP06001AA006001AA006001A /* WaveformView.swift */ = {isa = PBXFileReference; lastKnownFileType = sourcecode.swift; path = WaveformView.swift; sourceTree = "<group>"; };
		WP06002AA006002AA006002A /* RecordButton.swift */ = {isa = PBXFileReference; lastKnownFileType = sourcecode.swift; path = RecordButton.swift; sourceTree = "<group>"; };
		WP06003AA006003AA006003A /* INV01BuildTests.swift */ = {isa = PBXFileReference; lastKnownFileType = sourcecode.swift; path = INV01BuildTests.swift; sourceTree = "<group>"; };
		WP06004AA006004AA006004A /* INV11OfflineTests.swift */ = {isa = PBXFileReference; lastKnownFileType = sourcecode.swift; path = INV11OfflineTests.swift; sourceTree = "<group>"; };
		WP07001AA007001AA007001A /* ModePicker.swift */ = {isa = PBXFileReference; lastKnownFileType = sourcecode.swift; path = ModePicker.swift; sourceTree = "<group>"; };
		WP07002AA007002AA007002A /* ActivityCard.swift */ = {isa = PBXFileReference; lastKnownFileType = sourcecode.swift; path = ActivityCard.swift; sourceTree = "<group>"; };
		WP08001AA008001AA008001A /* ProvidersSection.swift */ = {isa = PBXFileReference; lastKnownFileType = sourcecode.swift; path = ProvidersSection.swift; sourceTree = "<group>"; };
		WP08002AA008002AA008002A /* ModesSection.swift */ = {isa = PBXFileReference; lastKnownFileType = sourcecode.swift; path = ModesSection.swift; sourceTree = "<group>"; };
		WP08003AA008003AA008003A /* DestinationsSection.swift */ = {isa = PBXFileReference; lastKnownFileType = sourcecode.swift; path = DestinationsSection.swift; sourceTree = "<group>"; };
		WP08004AA008004AA008004A /* DestinationPicker.swift */ = {isa = PBXFileReference; lastKnownFileType = sourcecode.swift; path = DestinationPicker.swift; sourceTree = "<group>"; };
		WP09001AA009001AA009001A /* FonosWidget.swift */ = {isa = PBXFileReference; lastKnownFileType = sourcecode.swift; path = FonosWidget.swift; sourceTree = "<group>"; };
		WP09002AA009002AA009002A /* FonosLiveActivity.swift */ = {isa = PBXFileReference; lastKnownFileType = sourcecode.swift; path = FonosLiveActivity.swift; sourceTree = "<group>"; };
		WP09003AA009003AA009003A /* DictateIntent.swift */ = {isa = PBXFileReference; lastKnownFileType = sourcecode.swift; path = DictateIntent.swift; sourceTree = "<group>"; };
		WP09004AA009004AA009004A /* FonosIntents.swift */ = {isa = PBXFileReference; lastKnownFileType = sourcecode.swift; path = FonosIntents.swift; sourceTree = "<group>"; };
		WP10001AA010001AA010001A /* QD06BundleSizeTests.swift */ = {isa = PBXFileReference; lastKnownFileType = sourcecode.swift; path = QD06BundleSizeTests.swift; sourceTree = "<group>"; };
		WP10002AA010002AA010002A /* QD07SwiftLintTests.swift */ = {isa = PBXFileReference; lastKnownFileType = sourcecode.swift; path = QD07SwiftLintTests.swift; sourceTree = "<group>"; };
		WP11001AA011001AA011001A /* ModeConfig.swift */ = {isa = PBXFileReference; lastKnownFileType = sourcecode.swift; path = ModeConfig.swift; sourceTree = "<group>"; };
		WP11002AA011002AA011002A /* ModelsTab.swift */ = {isa = PBXFileReference; lastKnownFileType = sourcecode.swift; path = ModelsTab.swift; sourceTree = "<group>"; };
		WP11003AA011003AA011003A /* ModesTab.swift */ = {isa = PBXFileReference; lastKnownFileType = sourcecode.swift; path = ModesTab.swift; sourceTree = "<group>"; };
		MP01001AA001001AA001001A /* ModelProbeService.swift */ = {isa = PBXFileReference; lastKnownFileType = sourcecode.swift; path = ModelProbeService.swift; sourceTree = "<group>"; };
		KB12001AA012001AA012001A /* KeyboardViewController.swift */ = {isa = PBXFileReference; lastKnownFileType = sourcecode.swift; path = KeyboardViewController.swift; sourceTree = "<group>"; };
		KB12002AA012002AA012002A /* KeyboardAudioService.swift */ = {isa = PBXFileReference; lastKnownFileType = sourcecode.swift; path = KeyboardAudioService.swift; sourceTree = "<group>"; };
		KB12003AA012003AA012003A /* KeyboardSTTService.swift */ = {isa = PBXFileReference; lastKnownFileType = sourcecode.swift; path = KeyboardSTTService.swift; sourceTree = "<group>"; };
		KB12004AA012004AA012004A /* FonosKeyboard.appex */ = {isa = PBXFileReference; explicitFileType = "wrapper.app-extension"; includeInIndex = 0; path = FonosKeyboard.appex; sourceTree = BUILT_PRODUCTS_DIR; };
		KB12006AA012006AA012006A /* Info.plist */ = {isa = PBXFileReference; lastKnownFileType = text.plist.xml; path = Info.plist; sourceTree = "<group>"; };
		KB12007AA012007AA012007A /* FonosKeyboard.entitlements */ = {isa = PBXFileReference; lastKnownFileType = text.plist.entitlements; path = FonosKeyboard.entitlements; sourceTree = "<group>"; };
/* End PBXFileReference section */

/* Begin PBXFrameworksBuildPhase section */
		3445D25EE87F44BAAEA57B0F /* Frameworks */ = {
			isa = PBXFrameworksBuildPhase;
			buildActionMask = 2147483647;
			files = (
			);
			runOnlyForDeploymentPostprocessing = 0;
		};
		E3116401421D41DAB7AF53B1 /* Frameworks */ = {
			isa = PBXFrameworksBuildPhase;
			buildActionMask = 2147483647;
			files = (
			);
			runOnlyForDeploymentPostprocessing = 0;
		};
		KB12011AA012011AA012011C /* Frameworks */ = {
			isa = PBXFrameworksBuildPhase;
			buildActionMask = 2147483647;
			files = (
			);
			runOnlyForDeploymentPostprocessing = 0;
		};
/* End PBXFrameworksBuildPhase section */

/* Begin PBXGroup section */
		125C680D279A4D5CB0E5B54D /* Views */ = {
			isa = PBXGroup;
			children = (
				663C34A9CC884E40AD59B712 /* ContentView.swift */,
				663C34A9CC884E40AD59B713 /* DictationView.swift */,
				50BA9D99CDBC44ABA7E645A1 /* HistoryView.swift */,
				50BA9D99CDBC44ABA7E645A2 /* SettingsView.swift */,
				WP07001AA007001AA007001A /* ModePicker.swift */,
				WP08004AA008004AA008004A /* DestinationPicker.swift */,
				WP06000AA006000AA006000C /* Components */,
				WP08000AA008000AA008000C /* SettingsView */,
			);
			path = Views;
			sourceTree = "<group>";
		};
		1A3615C7390D4D119843D0DD /* Models */ = {
			isa = PBXGroup;
			children = (
				50BA9D99CDBC44ABA7E645A4 /* DictationSession.swift */,
				50BA9D99CDBC44ABA7E645A5 /* AppConfig.swift */,
				AA01B001AA014D00AA014D11 /* Mode.swift */,
				AA01B001AA014D00AA014D12 /* ModelProfile.swift */,
				AA01B001AA014D00AA014D13 /* Destination.swift */,
				WP11001AA011001AA011001A /* ModeConfig.swift */,
			);
			path = Models;
			sourceTree = "<group>";
		};
		3E090E64BBAA4232B8A4810E /* FonosAppTests */ = {
			isa = PBXGroup;
			children = (
				77D41ED5933B42BF9BE9C711 /* FonosAppTests.swift */,
				77D41ED5933B42BF9BE9C712 /* AudioCaptureServiceTests.swift */,
				77D41ED5933B42BF9BE9C713 /* STTServiceTests.swift */,
				77D41ED5933B42BF9BE9C714 /* LLMServiceTests.swift */,
				77D41ED5933B42BF9BE9C715 /* ModeTests.swift */,
				77D41ED5933B42BF9BE9C716 /* TextRouterTests.swift */,
				77D41ED5933B42BF9BE9C717 /* ConfigTests.swift */,
				77D41ED5933B42BF9BE9C718 /* HistoryTests.swift */,
				77D41ED5933B42BF9BE9C719 /* OfflineTests.swift */,
				AA01B001AA014D00AA014D15 /* INV06ModeTests.swift */,
				AA01B001AA014D00AA014D16 /* INV09ConfigTests.swift */,
				AA01B001AA014D00AA014D17 /* INV10HistoryTests.swift */,
				BB02001BB002001BB002001A /* INV02AudioCaptureTests.swift */,
				CC07001CC007001CC007001A /* INV07TextRouterTests.swift */,
				CC08001CC008001CC008001A /* INV08URLSchemeTests.swift */,
				WP04000000000000000012 /* INV05LLMTests.swift */,
				WP04000000000000000013 /* QD03PromptTests.swift */,
				WP04000000000000000014 /* QD04ErrorTests.swift */,
				WP03002AA003002AA003002A /* INV03AppleSTTTests.swift */,
				WP03003AA003003AA003003A /* INV04WhisperSTTTests.swift */,
				WP03004AA003004AA003004A /* QD02STTParsingTests.swift */,
				WP06003AA006003AA006003A /* INV01BuildTests.swift */,
				WP06004AA006004AA006004A /* INV11OfflineTests.swift */,
				WP10001AA010001AA010001A /* QD06BundleSizeTests.swift */,
				WP10002AA010002AA010002A /* QD07SwiftLintTests.swift */,
			);
			path = FonosAppTests;
			sourceTree = "<group>";
		};
		4BD34BCD0DE7417A847A0D6B /* Products */ = {
			isa = PBXGroup;
			children = (
				BAC7AF7161324CE4AF50AD41 /* FonosApp.app */,
				6FA1E3408A1E47AF91355F0B /* FonosAppTests.xctest */,
				KB12004AA012004AA012004A /* FonosKeyboard.appex */,
			);
			name = Products;
			sourceTree = "<group>";
		};
		62C2153FB20345E1B143E7E4 /* Resources */ = {
			isa = PBXGroup;
			children = (
				50BA9D99CDBC44ABA7E645AA /* Assets.xcassets */,
				50BA9D99CDBC44ABA7E645AB /* Info.plist */,
				AA01B001AA014D00AA014D18 /* FonosApp.entitlements */,
			);
			path = Resources;
			sourceTree = "<group>";
		};
		771A58FA8CA147459534EE1C /* FonosApp */ = {
			isa = PBXGroup;
			children = (
				663C34A9CC884E40AD59B711 /* FonosApp.swift */,
				1A3615C7390D4D119843D0DD /* Models */,
				B0035A133D264734A9D8ABFA /* Services */,
				125C680D279A4D5CB0E5B54D /* Views */,
				915BC72CB554422381D99B83 /* Extensions */,
				62C2153FB20345E1B143E7E4 /* Resources */,
			);
			path = FonosApp;
			sourceTree = "<group>";
		};
		915BC72CB554422381D99B83 /* Extensions */ = {
			isa = PBXGroup;
			children = (
				50BA9D99CDBC44ABA7E645A3 /* Color+Hex.swift */,
			);
			path = Extensions;
			sourceTree = "<group>";
		};
		B0035A133D264734A9D8ABFA /* Services */ = {
			isa = PBXGroup;
			children = (
				50BA9D99CDBC44ABA7E645A6 /* AudioCaptureService.swift */,
				50BA9D99CDBC44ABA7E645A7 /* STTService.swift */,
				WP03001AA003001AA003001A /* FonosSTT.swift */,
				50BA9D99CDBC44ABA7E645A8 /* LLMService.swift */,
				50BA9D99CDBC44ABA7E645A9 /* TextRouter.swift */,
				AA01B001AA014D00AA014D14 /* KeychainStore.swift */,
				WP04000000000000000011 /* DictationViewModel.swift */,
				MP01001AA001001AA001001A /* ModelProbeService.swift */,
			);
			path = Services;
			sourceTree = "<group>";
		};
		EB7F26921B15416BBDBF911D = {
			isa = PBXGroup;
			children = (
				771A58FA8CA147459534EE1C /* FonosApp */,
				WP09000AA009000AA009000C /* FonosWidget */,
				WP09010AA009010AA009010C /* FonosIntents */,
				KB12000AA012000AA012000C /* FonosKeyboard */,
				3E090E64BBAA4232B8A4810E /* FonosAppTests */,
				4BD34BCD0DE7417A847A0D6B /* Products */,
			);
			sourceTree = "<group>";
		};
		KB12000AA012000AA012000C /* FonosKeyboard */ = {
			isa = PBXGroup;
			children = (
				KB12001AA012001AA012001A /* KeyboardViewController.swift */,
				KB12002AA012002AA012002A /* KeyboardAudioService.swift */,
				KB12003AA012003AA012003A /* KeyboardSTTService.swift */,
				KB12006AA012006AA012006A /* Info.plist */,
				KB12007AA012007AA012007A /* FonosKeyboard.entitlements */,
			);
			path = FonosKeyboard;
			sourceTree = "<group>";
		};
		WP06000AA006000AA006000C /* Components */ = {
			isa = PBXGroup;
			children = (
				WP06001AA006001AA006001A /* WaveformView.swift */,
				WP06002AA006002AA006002A /* RecordButton.swift */,
				WP07002AA007002AA007002A /* ActivityCard.swift */,
			);
			path = Components;
			sourceTree = "<group>";
		};
		WP08000AA008000AA008000C /* SettingsView */ = {
			isa = PBXGroup;
			children = (
				WP08001AA008001AA008001A /* ProvidersSection.swift */,
				WP08002AA008002AA008002A /* ModesSection.swift */,
				WP08003AA008003AA008003A /* DestinationsSection.swift */,
				WP11002AA011002AA011002A /* ModelsTab.swift */,
				WP11003AA011003AA011003A /* ModesTab.swift */,
			);
			path = SettingsView;
			sourceTree = "<group>";
		};
		WP09000AA009000AA009000C /* FonosWidget */ = {
			isa = PBXGroup;
			children = (
				WP09001AA009001AA009001A /* FonosWidget.swift */,
				WP09002AA009002AA009002A /* FonosLiveActivity.swift */,
			);
			path = FonosWidget;
			sourceTree = "<group>";
		};
		WP09010AA009010AA009010C /* FonosIntents */ = {
			isa = PBXGroup;
			children = (
				WP09003AA009003AA009003A /* DictateIntent.swift */,
				WP09004AA009004AA009004A /* FonosIntents.swift */,
			);
			path = FonosIntents;
			sourceTree = "<group>";
		};
/* End PBXGroup section */

/* Begin PBXNativeTarget section */
		7E63F5454DE64F8A84201298 /* FonosApp */ = {
			isa = PBXNativeTarget;
			buildConfigurationList = 3A5EF6CF3E0A45C081BEB5B8 /* Build configuration list for PBXNativeTarget "FonosApp" */;
			buildPhases = (
				FE1967CA54134ADA979C91A6 /* Sources */,
				0F9785A3998649D9893B90F7 /* Resources */,
				E3116401421D41DAB7AF53B1 /* Frameworks */,
				KB12012AA012012AA012012C /* Embed App Extensions */,
			);
			buildRules = (
			);
			dependencies = (
				KB12009AA012009AA012009C /* PBXTargetDependency */,
			);
			name = FonosApp;
			productName = FonosApp;
			productReference = BAC7AF7161324CE4AF50AD41 /* FonosApp.app */;
			productType = "com.apple.product-type.application";
		};
		KB12005AA012005AA012005C /* FonosKeyboard */ = {
			isa = PBXNativeTarget;
			buildConfigurationList = KB12008AA012008AA012008C /* Build configuration list for PBXNativeTarget "FonosKeyboard" */;
			buildPhases = (
				KB12013AA012013AA012013C /* Sources */,
				KB12014AA012014AA012014C /* Resources */,
				KB12011AA012011AA012011C /* Frameworks */,
			);
			buildRules = (
			);
			dependencies = (
			);
			name = FonosKeyboard;
			productName = FonosKeyboard;
			productReference = KB12004AA012004AA012004A /* FonosKeyboard.appex */;
			productType = "com.apple.product-type.app-extension";
		};
		C4780AAF578C46BFBB87A7AA /* FonosAppTests */ = {
			isa = PBXNativeTarget;
			buildConfigurationList = AA402CDB1EA844939DDAC1FA /* Build configuration list for PBXNativeTarget "FonosAppTests" */;
			buildPhases = (
				598E6D93E1274503BE563840 /* Sources */,
				3445D25EE87F44BAAEA57B0F /* Frameworks */,
			);
			buildRules = (
			);
			dependencies = (
				4DB2C7A870E4431CA33063D9 /* PBXTargetDependency */,
			);
			name = FonosAppTests;
			productName = FonosAppTests;
			productReference = 6FA1E3408A1E47AF91355F0B /* FonosAppTests.xctest */;
			productType = "com.apple.product-type.bundle.unit-test";
		};
/* End PBXNativeTarget section */

/* Begin PBXProject section */
		11F387A36EAB42D7B29216FC /* Project object */ = {
			isa = PBXProject;
			attributes = {
				BuildIndependentTargetsInParallel = 1;
				LastSwiftUpdateCheck = 1700;
				LastUpgradeCheck = 1700;
				TargetAttributes = {
					7E63F5454DE64F8A84201298 = {
						CreatedOnToolsVersion = 17.0;
					};
					C4780AAF578C46BFBB87A7AA = {
						CreatedOnToolsVersion = 17.0;
						TestTargetID = 7E63F5454DE64F8A84201298;
					};
					KB12005AA012005AA012005C = {
						CreatedOnToolsVersion = 17.0;
					};
				};
			};
			buildConfigurationList = 756B8C3D892E4965B3541FAA /* Build configuration list for PBXProject "FonosApp" */;
			compatibilityVersion = "Xcode 14.0";
			developmentRegion = en;
			hasScannedForEncodings = 0;
			knownRegions = (
				en,
				Base,
			);
			mainGroup = EB7F26921B15416BBDBF911D;
			productRefGroup = 4BD34BCD0DE7417A847A0D6B /* Products */;
			projectDirPath = "";
			projectRoot = "";
			targets = (
				7E63F5454DE64F8A84201298 /* FonosApp */,
				C4780AAF578C46BFBB87A7AA /* FonosAppTests */,
				KB12005AA012005AA012005C /* FonosKeyboard */,
			);
		};
/* End PBXProject section */

/* Begin PBXCopyFilesBuildPhase section */
		KB12012AA012012AA012012C /* Embed App Extensions */ = {
			isa = PBXCopyFilesBuildPhase;
			buildActionMask = 2147483647;
			dstPath = "";
			dstSubfolderSpec = 13;
			files = (
				KB12004AA012004AA012004B /* FonosKeyboard.appex in Embed App Extensions */,
			);
			name = "Embed App Extensions";
			runOnlyForDeploymentPostprocessing = 0;
		};
/* End PBXCopyFilesBuildPhase section */

/* Begin PBXResourcesBuildPhase section */
		0F9785A3998649D9893B90F7 /* Resources */ = {
			isa = PBXResourcesBuildPhase;
			buildActionMask = 2147483647;
			files = (
				663C34A9CC884E40AD59B70D /* Assets.xcassets in Resources */,
			);
			runOnlyForDeploymentPostprocessing = 0;
		};
		KB12014AA012014AA012014C /* Resources */ = {
			isa = PBXResourcesBuildPhase;
			buildActionMask = 2147483647;
			files = (
			);
			runOnlyForDeploymentPostprocessing = 0;
		};
/* End PBXResourcesBuildPhase section */

/* Begin PBXSourcesBuildPhase section */
		598E6D93E1274503BE563840 /* Sources */ = {
			isa = PBXSourcesBuildPhase;
			buildActionMask = 2147483647;
			files = (
				77D41ED5933B42BF9BE9C701 /* FonosAppTests.swift in Sources */,
				77D41ED5933B42BF9BE9C702 /* AudioCaptureServiceTests.swift in Sources */,
				77D41ED5933B42BF9BE9C703 /* STTServiceTests.swift in Sources */,
				77D41ED5933B42BF9BE9C704 /* LLMServiceTests.swift in Sources */,
				77D41ED5933B42BF9BE9C705 /* ModeTests.swift in Sources */,
				77D41ED5933B42BF9BE9C706 /* TextRouterTests.swift in Sources */,
				77D41ED5933B42BF9BE9C707 /* ConfigTests.swift in Sources */,
				77D41ED5933B42BF9BE9C708 /* HistoryTests.swift in Sources */,
				77D41ED5933B42BF9BE9C709 /* OfflineTests.swift in Sources */,
				AA01B001AA014D00AA014D05 /* INV06ModeTests.swift in Sources */,
				AA01B001AA014D00AA014D06 /* INV09ConfigTests.swift in Sources */,
				AA01B001AA014D00AA014D07 /* INV10HistoryTests.swift in Sources */,
				BB02001BB002001BB002001B /* INV02AudioCaptureTests.swift in Sources */,
				CC07001CC007001CC007001B /* INV07TextRouterTests.swift in Sources */,
				CC08001CC008001CC008001B /* INV08URLSchemeTests.swift in Sources */,
				WP04000000000000000002 /* INV05LLMTests.swift in Sources */,
				WP04000000000000000003 /* QD03PromptTests.swift in Sources */,
				WP03002AA003002AA003002B /* INV03AppleSTTTests.swift in Sources */,
				WP03003AA003003AA003003B /* INV04WhisperSTTTests.swift in Sources */,
				WP03004AA003004AA003004B /* QD02STTParsingTests.swift in Sources */,
				WP04000000000000000004 /* QD04ErrorTests.swift in Sources */,
				WP06003AA006003AA006003B /* INV01BuildTests.swift in Sources */,
				WP06004AA006004AA006004B /* INV11OfflineTests.swift in Sources */,
				WP10001AA010001AA010001B /* QD06BundleSizeTests.swift in Sources */,
				WP10002AA010002AA010002B /* QD07SwiftLintTests.swift in Sources */,
			);
			runOnlyForDeploymentPostprocessing = 0;
		};
		FE1967CA54134ADA979C91A6 /* Sources */ = {
			isa = PBXSourcesBuildPhase;
			buildActionMask = 2147483647;
			files = (
				663C34A9CC884E40AD59B701 /* FonosApp.swift in Sources */,
				663C34A9CC884E40AD59B702 /* ContentView.swift in Sources */,
				663C34A9CC884E40AD59B703 /* DictationView.swift in Sources */,
				663C34A9CC884E40AD59B704 /* HistoryView.swift in Sources */,
				663C34A9CC884E40AD59B705 /* SettingsView.swift in Sources */,
				663C34A9CC884E40AD59B706 /* Color+Hex.swift in Sources */,
				663C34A9CC884E40AD59B707 /* DictationSession.swift in Sources */,
				663C34A9CC884E40AD59B708 /* AppConfig.swift in Sources */,
				663C34A9CC884E40AD59B709 /* AudioCaptureService.swift in Sources */,
				663C34A9CC884E40AD59B70A /* STTService.swift in Sources */,
				663C34A9CC884E40AD59B70B /* LLMService.swift in Sources */,
				663C34A9CC884E40AD59B70C /* TextRouter.swift in Sources */,
				MP01001AA001001AA001001B /* ModelProbeService.swift in Sources */,
				AA01B001AA014D00AA014D01 /* Mode.swift in Sources */,
				AA01B001AA014D00AA014D02 /* ModelProfile.swift in Sources */,
				AA01B001AA014D00AA014D03 /* Destination.swift in Sources */,
				AA01B001AA014D00AA014D04 /* KeychainStore.swift in Sources */,
				WP04000000000000000001 /* DictationViewModel.swift in Sources */,
				WP03001AA003001AA003001B /* FonosSTT.swift in Sources */,
				WP06001AA006001AA006001B /* WaveformView.swift in Sources */,
				WP06002AA006002AA006002B /* RecordButton.swift in Sources */,
				WP07001AA007001AA007001B /* ModePicker.swift in Sources */,
				WP07002AA007002AA007002B /* ActivityCard.swift in Sources */,
				WP08001AA008001AA008001B /* ProvidersSection.swift in Sources */,
				WP08002AA008002AA008002B /* ModesSection.swift in Sources */,
				WP08003AA008003AA008003B /* DestinationsSection.swift in Sources */,
				WP08004AA008004AA008004B /* DestinationPicker.swift in Sources */,
				WP11001AA011001AA011001B /* ModeConfig.swift in Sources */,
				WP11002AA011002AA011002B /* ModelsTab.swift in Sources */,
				WP11003AA011003AA011003B /* ModesTab.swift in Sources */,
				WP09001AA009001AA009001B /* FonosWidget.swift in Sources */,
				WP09002AA009002AA009002B /* FonosLiveActivity.swift in Sources */,
				WP09003AA009003AA009003B /* DictateIntent.swift in Sources */,
				WP09004AA009004AA009004B /* FonosIntents.swift in Sources */,
			);
			runOnlyForDeploymentPostprocessing = 0;
		};
		KB12013AA012013AA012013C /* Sources */ = {
			isa = PBXSourcesBuildPhase;
			buildActionMask = 2147483647;
			files = (
				KB12001AA012001AA012001B /* KeyboardViewController.swift in Sources */,
				KB12002AA012002AA012002B /* KeyboardAudioService.swift in Sources */,
				KB12003AA012003AA012003B /* KeyboardSTTService.swift in Sources */,
			);
			runOnlyForDeploymentPostprocessing = 0;
		};
/* End PBXSourcesBuildPhase section */

/* Begin PBXTargetDependency section */
		4DB2C7A870E4431CA33063D9 /* PBXTargetDependency */ = {
			isa = PBXTargetDependency;
			target = 7E63F5454DE64F8A84201298 /* FonosApp */;
			targetProxy = B8A5C71AD9544E80ADAACF01 /* PBXContainerItemProxy */;
		};
		KB12009AA012009AA012009C /* PBXTargetDependency */ = {
			isa = PBXTargetDependency;
			target = KB12005AA012005AA012005C /* FonosKeyboard */;
			targetProxy = KB12010AA012010AA012010C /* PBXContainerItemProxy */;
		};
/* End PBXTargetDependency section */

/* Begin XCBuildConfiguration section */
		63B806250AF3417C8C3CCE69 /* Release */ = {
			isa = XCBuildConfiguration;
			buildSettings = {
				ASSETCATALOG_COMPILER_APPICON_NAME = AppIcon;
				ASSETCATALOG_COMPILER_GLOBAL_ACCENT_COLOR_NAME = AccentColor;
				CODE_SIGN_ENTITLEMENTS = FonosApp/Resources/FonosApp.entitlements;
				CODE_SIGN_STYLE = Automatic;
				CURRENT_PROJECT_VERSION = 1;
				DEVELOPMENT_ASSET_PATHS = "";
				DEVELOPMENT_TEAM = SBU743JJ9S;
				ENABLE_PREVIEWS = YES;
				GENERATE_INFOPLIST_FILE = NO;
				INFOPLIST_FILE = FonosApp/Resources/Info.plist;
				IPHONEOS_DEPLOYMENT_TARGET = 17.0;
				LD_RUNPATH_SEARCH_PATHS = (
					"$(inherited)",
					"@executable_path/Frameworks",
				);
				MARKETING_VERSION = 1.0;
				PRODUCT_BUNDLE_IDENTIFIER = com.fonos.ios;
				PRODUCT_NAME = "$(TARGET_NAME)";
				SWIFT_EMIT_LOC_STRINGS = YES;
				SWIFT_VERSION = 6.0;
				TARGETED_DEVICE_FAMILY = 1;
			};
			name = Release;
		};
		663AF6821B1B4765BE16F5F1 /* Debug */ = {
			isa = XCBuildConfiguration;
			buildSettings = {
				BUNDLE_LOADER = "$(TEST_HOST)";
				CODE_SIGN_STYLE = Automatic;
				CURRENT_PROJECT_VERSION = 1;
				GENERATE_INFOPLIST_FILE = YES;
				IPHONEOS_DEPLOYMENT_TARGET = 17.0;
				MARKETING_VERSION = 1.0;
				PRODUCT_BUNDLE_IDENTIFIER = com.fonos.ios.tests;
				PRODUCT_NAME = "$(TARGET_NAME)";
				SWIFT_EMIT_LOC_STRINGS = NO;
				SWIFT_VERSION = 6.0;
				TARGETED_DEVICE_FAMILY = 1;
				TEST_HOST = "$(BUILT_PRODUCTS_DIR)/FonosApp.app/$(BUNDLE_EXECUTABLE_FOLDER_PATH)/FonosApp";
			};
			name = Debug;
		};
		72EEA2B9000F4EAFB67013E3 /* Debug */ = {
			isa = XCBuildConfiguration;
			buildSettings = {
				ALWAYS_SEARCH_USER_PATHS = NO;
				ASSETCATALOG_COMPILER_GENERATE_SWIFT_ASSET_SYMBOL_EXTENSIONS = YES;
				CLANG_ANALYZER_NONNULL = YES;
				CLANG_ANALYZER_NUMBER_OBJECT_CONVERSION = YES_AGGRESSIVE;
				CLANG_CXX_LANGUAGE_STANDARD = "gnu++20";
				CLANG_ENABLE_MODULES = YES;
				CLANG_ENABLE_OBJC_ARC = YES;
				CLANG_ENABLE_OBJC_WEAK = YES;
				CLANG_WARN_BLOCK_CAPTURE_AUTORELEASING = YES;
				CLANG_WARN_BOOL_CONVERSION = YES;
				CLANG_WARN_COMMA = YES;
				CLANG_WARN_CONSTANT_CONVERSION = YES;
				CLANG_WARN_DEPRECATED_OBJC_IMPLEMENTATIONS = YES;
				CLANG_WARN_DIRECT_IVAR_ACCESS = YES;
				CLANG_WARN_EMPTY_BODY = YES;
				CLANG_WARN_ENUM_CONVERSION = YES;
				CLANG_WARN_INFINITE_RECURSION = YES;
				CLANG_WARN_INT_CONVERSION = YES;
				CLANG_WARN_NON_LITERAL_NULL_CONVERSION = YES;
				CLANG_WARN_OBJC_IMPLICIT_RETAIN_SELF = YES;
				CLANG_WARN_OBJC_LITERAL_CONVERSION = YES;
				CLANG_WARN_OBJC_ROOT_CLASS = YES_ERROR;
				CLANG_WARN_QUOTED_INCLUDE_IN_FRAMEWORK_HEADER = YES;
				CLANG_WARN_RANGE_LOOP_ANALYSIS = YES;
				CLANG_WARN_STRICT_PROTOTYPES = YES;
				CLANG_WARN_SUSPICIOUS_MOVE = YES;
				CLANG_WARN_UNGUARDED_AVAILABILITY = YES_AGGRESSIVE;
				CLANG_WARN_UNREACHABLE_CODE = YES;
				CLANG_WARN__DUPLICATE_METHOD_MATCH = YES;
				COPY_PHASE_STRIP = NO;
				DEBUG_INFORMATION_FORMAT = dwarf;
				ENABLE_STRICT_OBJC_MSGSEND = YES;
				ENABLE_TESTABILITY = YES;
				ENABLE_USER_SCRIPT_SANDBOXING = YES;
				GCC_C_LANGUAGE_STANDARD = gnu17;
				GCC_DYNAMIC_NO_PIC = NO;
				GCC_NO_COMMON_BLOCKS = YES;
				GCC_OPTIMIZATION_LEVEL = 0;
				GCC_PREPROCESSOR_DEFINITIONS = (
					"DEBUG=1",
					"$(inherited)",
				);
				GCC_WARN_64_TO_32_BIT_CONVERSION = YES;
				GCC_WARN_ABOUT_RETURN_TYPE = YES_ERROR;
				GCC_WARN_UNDECLARED_SELECTOR = YES;
				GCC_WARN_UNINITIALIZED_AUTOS = YES_AGGRESSIVE;
				GCC_WARN_UNUSED_FUNCTION = YES;
				GCC_WARN_UNUSED_VARIABLE = YES;
				IPHONEOS_DEPLOYMENT_TARGET = 17.0;
				MTL_ENABLE_DEBUG_INFO = INCLUDE_SOURCE;
				MTL_FAST_MATH = YES;
				ONLY_ACTIVE_ARCH = YES;
				SDKROOT = iphoneos;
				SWIFT_ACTIVE_COMPILATION_CONDITIONS = "DEBUG $(inherited)";
				SWIFT_OPTIMIZATION_LEVEL = "-Onone";
				SWIFT_VERSION = 6.0;
			};
			name = Debug;
		};
		7BA1B7DB38D147B0B6F9CBC1 /* Release */ = {
			isa = XCBuildConfiguration;
			buildSettings = {
				ALWAYS_SEARCH_USER_PATHS = NO;
				ASSETCATALOG_COMPILER_GENERATE_SWIFT_ASSET_SYMBOL_EXTENSIONS = YES;
				CLANG_ANALYZER_NONNULL = YES;
				CLANG_ANALYZER_NUMBER_OBJECT_CONVERSION = YES_AGGRESSIVE;
				CLANG_CXX_LANGUAGE_STANDARD = "gnu++20";
				CLANG_ENABLE_MODULES = YES;
				CLANG_ENABLE_OBJC_ARC = YES;
				CLANG_ENABLE_OBJC_WEAK = YES;
				CLANG_WARN_BLOCK_CAPTURE_AUTORELEASING = YES;
				CLANG_WARN_BOOL_CONVERSION = YES;
				CLANG_WARN_COMMA = YES;
				CLANG_WARN_CONSTANT_CONVERSION = YES;
				CLANG_WARN_DEPRECATED_OBJC_IMPLEMENTATIONS = YES;
				CLANG_WARN_DIRECT_IVAR_ACCESS = YES;
				CLANG_WARN_EMPTY_BODY = YES;
				CLANG_WARN_ENUM_CONVERSION = YES;
				CLANG_WARN_INFINITE_RECURSION = YES;
				CLANG_WARN_INT_CONVERSION = YES;
				CLANG_WARN_NON_LITERAL_NULL_CONVERSION = YES;
				CLANG_WARN_OBJC_IMPLICIT_RETAIN_SELF = YES;
				CLANG_WARN_OBJC_LITERAL_CONVERSION = YES;
				CLANG_WARN_OBJC_ROOT_CLASS = YES_ERROR;
				CLANG_WARN_QUOTED_INCLUDE_IN_FRAMEWORK_HEADER = YES;
				CLANG_WARN_RANGE_LOOP_ANALYSIS = YES;
				CLANG_WARN_STRICT_PROTOTYPES = YES;
				CLANG_WARN_SUSPICIOUS_MOVE = YES;
				CLANG_WARN_UNGUARDED_AVAILABILITY = YES_AGGRESSIVE;
				CLANG_WARN_UNREACHABLE_CODE = YES;
				CLANG_WARN__DUPLICATE_METHOD_MATCH = YES;
				COPY_PHASE_STRIP = NO;
				DEBUG_INFORMATION_FORMAT = "dwarf-with-dsym";
				ENABLE_NS_ASSERTIONS = NO;
				ENABLE_STRICT_OBJC_MSGSEND = YES;
				ENABLE_USER_SCRIPT_SANDBOXING = YES;
				GCC_C_LANGUAGE_STANDARD = gnu17;
				GCC_NO_COMMON_BLOCKS = YES;
				GCC_WARN_64_TO_32_BIT_CONVERSION = YES;
				GCC_WARN_ABOUT_RETURN_TYPE = YES_ERROR;
				GCC_WARN_UNDECLARED_SELECTOR = YES;
				GCC_WARN_UNINITIALIZED_AUTOS = YES_AGGRESSIVE;
				GCC_WARN_UNUSED_FUNCTION = YES;
				GCC_WARN_UNUSED_VARIABLE = YES;
				IPHONEOS_DEPLOYMENT_TARGET = 17.0;
				MTL_FAST_MATH = YES;
				SDKROOT = iphoneos;
				SWIFT_COMPILATION_MODE = wholemodule;
				SWIFT_OPTIMIZATION_LEVEL = "-O";
				SWIFT_VERSION = 6.0;
				VALIDATE_PRODUCT = YES;
			};
			name = Release;
		};
		90A7727FF44248BF932BC148 /* Debug */ = {
			isa = XCBuildConfiguration;
			buildSettings = {
				ASSETCATALOG_COMPILER_APPICON_NAME = AppIcon;
				ASSETCATALOG_COMPILER_GLOBAL_ACCENT_COLOR_NAME = AccentColor;
				CODE_SIGN_ENTITLEMENTS = FonosApp/Resources/FonosApp.entitlements;
				CODE_SIGN_STYLE = Automatic;
				CURRENT_PROJECT_VERSION = 1;
				DEVELOPMENT_ASSET_PATHS = "";
				DEVELOPMENT_TEAM = SBU743JJ9S;
				ENABLE_PREVIEWS = YES;
				GENERATE_INFOPLIST_FILE = NO;
				INFOPLIST_FILE = FonosApp/Resources/Info.plist;
				IPHONEOS_DEPLOYMENT_TARGET = 17.0;
				LD_RUNPATH_SEARCH_PATHS = (
					"$(inherited)",
					"@executable_path/Frameworks",
				);
				MARKETING_VERSION = 1.0;
				PRODUCT_BUNDLE_IDENTIFIER = com.fonos.ios;
				PRODUCT_NAME = "$(TARGET_NAME)";
				SWIFT_EMIT_LOC_STRINGS = YES;
				SWIFT_VERSION = 6.0;
				TARGETED_DEVICE_FAMILY = 1;
			};
			name = Debug;
		};
		AF8EA06618F7406A9330FA76 /* Release */ = {
			isa = XCBuildConfiguration;
			buildSettings = {
				BUNDLE_LOADER = "$(TEST_HOST)";
				CODE_SIGN_STYLE = Automatic;
				CURRENT_PROJECT_VERSION = 1;
				GENERATE_INFOPLIST_FILE = YES;
				IPHONEOS_DEPLOYMENT_TARGET = 17.0;
				MARKETING_VERSION = 1.0;
				PRODUCT_BUNDLE_IDENTIFIER = com.fonos.ios.tests;
				PRODUCT_NAME = "$(TARGET_NAME)";
				SWIFT_EMIT_LOC_STRINGS = NO;
				SWIFT_VERSION = 6.0;
				TARGETED_DEVICE_FAMILY = 1;
				TEST_HOST = "$(BUILT_PRODUCTS_DIR)/FonosApp.app/$(BUNDLE_EXECUTABLE_FOLDER_PATH)/FonosApp";
			};
			name = Release;
		};
		KB12015AA012015AA012015C /* Debug */ = {
			isa = XCBuildConfiguration;
			buildSettings = {
				APPLICATION_EXTENSION_API_ONLY = YES;
				CODE_SIGN_ENTITLEMENTS = FonosKeyboard/FonosKeyboard.entitlements;
				CODE_SIGN_STYLE = Automatic;
				CURRENT_PROJECT_VERSION = 1;
				DEVELOPMENT_TEAM = SBU743JJ9S;
				GENERATE_INFOPLIST_FILE = NO;
				INFOPLIST_FILE = FonosKeyboard/Info.plist;
				IPHONEOS_DEPLOYMENT_TARGET = 17.0;
				LD_RUNPATH_SEARCH_PATHS = (
					"$(inherited)",
					"@executable_path/../../Frameworks",
					"@executable_path/Frameworks",
				);
				MARKETING_VERSION = 1.0;
				PRODUCT_BUNDLE_IDENTIFIER = com.fonos.ios.keyboard;
				PRODUCT_NAME = FonosKeyboard;
				SKIP_INSTALL = YES;
				SWIFT_EMIT_LOC_STRINGS = YES;
				SWIFT_VERSION = 6.0;
				TARGETED_DEVICE_FAMILY = 1;
			};
			name = Debug;
		};
		KB12016AA012016AA012016C /* Release */ = {
			isa = XCBuildConfiguration;
			buildSettings = {
				APPLICATION_EXTENSION_API_ONLY = YES;
				CODE_SIGN_ENTITLEMENTS = FonosKeyboard/FonosKeyboard.entitlements;
				CODE_SIGN_STYLE = Automatic;
				CURRENT_PROJECT_VERSION = 1;
				DEVELOPMENT_TEAM = SBU743JJ9S;
				GENERATE_INFOPLIST_FILE = NO;
				INFOPLIST_FILE = FonosKeyboard/Info.plist;
				IPHONEOS_DEPLOYMENT_TARGET = 17.0;
				LD_RUNPATH_SEARCH_PATHS = (
					"$(inherited)",
					"@executable_path/../../Frameworks",
					"@executable_path/Frameworks",
				);
				MARKETING_VERSION = 1.0;
				PRODUCT_BUNDLE_IDENTIFIER = com.fonos.ios.keyboard;
				PRODUCT_NAME = FonosKeyboard;
				SKIP_INSTALL = YES;
				SWIFT_EMIT_LOC_STRINGS = YES;
				SWIFT_VERSION = 6.0;
				TARGETED_DEVICE_FAMILY = 1;
			};
			name = Release;
		};
/* End XCBuildConfiguration section */

/* Begin XCConfigurationList section */
		3A5EF6CF3E0A45C081BEB5B8 /* Build configuration list for PBXNativeTarget "FonosApp" */ = {
			isa = XCConfigurationList;
			buildConfigurations = (
				90A7727FF44248BF932BC148 /* Debug */,
				63B806250AF3417C8C3CCE69 /* Release */,
			);
			defaultConfigurationIsVisible = 0;
			defaultConfigurationName = Release;
		};
		756B8C3D892E4965B3541FAA /* Build configuration list for PBXProject "FonosApp" */ = {
			isa = XCConfigurationList;
			buildConfigurations = (
				72EEA2B9000F4EAFB67013E3 /* Debug */,
				7BA1B7DB38D147B0B6F9CBC1 /* Release */,
			);
			defaultConfigurationIsVisible = 0;
			defaultConfigurationName = Release;
		};
		AA402CDB1EA844939DDAC1FA /* Build configuration list for PBXNativeTarget "FonosAppTests" */ = {
			isa = XCConfigurationList;
			buildConfigurations = (
				663AF6821B1B4765BE16F5F1 /* Debug */,
				AF8EA06618F7406A9330FA76 /* Release */,
			);
			defaultConfigurationIsVisible = 0;
			defaultConfigurationName = Release;
		};
		KB12008AA012008AA012008C /* Build configuration list for PBXNativeTarget "FonosKeyboard" */ = {
			isa = XCConfigurationList;
			buildConfigurations = (
				KB12015AA012015AA012015C /* Debug */,
				KB12016AA012016AA012016C /* Release */,
			);
			defaultConfigurationIsVisible = 0;
			defaultConfigurationName = Release;
		};
/* End XCConfigurationList section */
	};
	rootObject = 11F387A36EAB42D7B29216FC /* Project object */;
}
